
Microsoft Visual Studio Solution File, Format Version 12.00
# Visual Studio Version 16
VisualStudioVersion = 16.0.29409.12
MinimumVisualStudioVersion = 10.0.40219.1
Project("{FAE04EC0-301F-11D3-BF4B-00C04F79EFBC}") = "WSR2021", "WSR2021\WSR2021.csproj", "{9F371FC6-77B5-431F-B068-8C996CFD5F95}"
EndProject
Global
	GlobalSection(SolutionConfigurationPlatforms) = preSolution
		Debug|Any CPU = Debug|Any CPU
		Release|Any CPU = Release|Any CPU
	EndGlobalSection
	GlobalSection(ProjectConfigurationPlatforms) = postSolution
		{9F371FC6-77B5-431F-B068-8C996CFD5F95}.Debug|Any CPU.ActiveCfg = Debug|Any CPU
		{9F371FC6-77B5-431F-B068-8C996CFD5F95}.Debug|Any CPU.Build.0 = Debug|Any CPU
		{9F371FC6-77B5-431F-B068-8C996CFD5F95}.Release|Any CPU.ActiveCfg = Release|Any CPU
		{9F371FC6-77B5-431F-B068-8C996CFD5F95}.Release|Any CPU.Build.0 = Release|Any CPU
	EndGlobalSection
	GlobalSection(SolutionProperties) = preSolution
		HideSolutionNode = FALSE
	EndGlobalSection
	GlobalSection(ExtensibilityGlobals) = postSolution
		SolutionGuid = {AB2217E0-2FA6-410F-90A0-7097516DE9EC}
	EndGlobalSection
EndGlobal
